// !$*UTF8*$!
{
	archiveVersion = 1;
	classes = {
	};
	objectVersion = 50;
	objects = {

/* Begin PBXBuildFile section */
		89B8DE8224B32DD100F3CF2F /* AppDelegate.swift in Sources */ = {isa = PBXBuildFile; fileRef = 89B8DE8124B32DD100F3CF2F /* AppDelegate.swift */; };
		89B8DE8424B32DD100F3CF2F /* SceneDelegate.swift in Sources */ = {isa = PBXBuildFile; fileRef = 89B8DE8324B32DD100F3CF2F /* SceneDelegate.swift */; };
		89B8DE8624B32DD100F3CF2F /* ViewController.swift in Sources */ = {isa = PBXBuildFile; fileRef = 89B8DE8524B32DD100F3CF2F /* ViewController.swift */; };
		89B8DE8924B32DD100F3CF2F /* Main.storyboard in Resources */ = {isa = PBXBuildFile; fileRef = 89B8DE8724B32DD100F3CF2F /* Main.storyboard */; };
		89B8DE8C24B32DD100F3CF2F /* All_About_Numbers.xcdatamodeld in Sources */ = {isa = PBXBuildFile; fileRef = 89B8DE8A24B32DD100F3CF2F /* All_About_Numbers.xcdatamodeld */; };
		89B8DE8E24B32DD700F3CF2F /* Assets.xcassets in Resources */ = {isa = PBXBuildFile; fileRef = 89B8DE8D24B32DD700F3CF2F /* Assets.xcassets */; };
		89B8DE9124B32DD700F3CF2F /* LaunchScreen.storyboard in Resources */ = {isa = PBXBuildFile; fileRef = 89B8DE8F24B32DD700F3CF2F /* LaunchScreen.storyboard */; };
		89B8DE9C24B32DD900F3CF2F /* All_About_NumbersTests.swift in Sources */ = {isa = PBXBuildFile; fileRef = 89B8DE9B24B32DD900F3CF2F /* All_About_NumbersTests.swift */; };
		89B8DEA724B32DD900F3CF2F /* All_About_NumbersUITests.swift in Sources */ = {isa = PBXBuildFile; fileRef = 89B8DEA624B32DD900F3CF2F /* All_About_NumbersUITests.swift */; };
		89B8DEB824B3325F00F3CF2F /* UIColor+extensions.swift in Sources */ = {isa = PBXBuildFile; fileRef = 89B8DEB724B3325F00F3CF2F /* UIColor+extensions.swift */; };
		89B8DEBA24B337AD00F3CF2F /* UIButton+extensions.swift in Sources */ = {isa = PBXBuildFile; fileRef = 89B8DEB924B337AD00F3CF2F /* UIButton+extensions.swift */; };
		89B8DEBC24B33C4800F3CF2F /* UILabel+extensions.swift in Sources */ = {isa = PBXBuildFile; fileRef = 89B8DEBB24B33C4800F3CF2F /* UILabel+extensions.swift */; };
		89B8DEBE24B33C6F00F3CF2F /* UIFont+extensions.swift in Sources */ = {isa = PBXBuildFile; fileRef = 89B8DEBD24B33C6F00F3CF2F /* UIFont+extensions.swift */; };
		89B8DEC924B341CE00F3CF2F /* NumberModel.swift in Sources */ = {isa = PBXBuildFile; fileRef = 89B8DEC824B341CE00F3CF2F /* NumberModel.swift */; };
		89B8DECF24B354D200F3CF2F /* UIViewController+extensions.swift in Sources */ = {isa = PBXBuildFile; fileRef = 89B8DECE24B354D200F3CF2F /* UIViewController+extensions.swift */; };
		89B8DED124B5E43A00F3CF2F /* UITextField+extensions.swift in Sources */ = {isa = PBXBuildFile; fileRef = 89B8DED024B5E43A00F3CF2F /* UITextField+extensions.swift */; };
		89B8DED324B5E49C00F3CF2F /* UIView+extensions.swift in Sources */ = {isa = PBXBuildFile; fileRef = 89B8DED224B5E49C00F3CF2F /* UIView+extensions.swift */; };
/* End PBXBuildFile section */

/* Begin PBXContainerItemProxy section */
		89B8DE9824B32DD800F3CF2F /* PBXContainerItemProxy */ = {
			isa = PBXContainerItemProxy;
			containerPortal = 89B8DE7624B32DD100F3CF2F /* Project object */;
			proxyType = 1;
			remoteGlobalIDString = 89B8DE7D24B32DD100F3CF2F;
			remoteInfo = "All About Numbers";
		};
		89B8DEA324B32DD900F3CF2F /* PBXContainerItemProxy */ = {
			isa = PBXContainerItemProxy;
			containerPortal = 89B8DE7624B32DD100F3CF2F /* Project object */;
			proxyType = 1;
			remoteGlobalIDString = 89B8DE7D24B32DD100F3CF2F;
			remoteInfo = "All About Numbers";
		};
/* End PBXContainerItemProxy section */

/* Begin PBXFileReference section */
		89B8DE7E24B32DD100F3CF2F /* All About Numbers.app */ = {isa = PBXFileReference; explicitFileType = wrapper.application; includeInIndex = 0; path = "All About Numbers.app"; sourceTree = BUILT_PRODUCTS_DIR; };
		89B8DE8124B32DD100F3CF2F /* AppDelegate.swift */ = {isa = PBXFileReference; lastKnownFileType = sourcecode.swift; path = AppDelegate.swift; sourceTree = "<group>"; };
		89B8DE8324B32DD100F3CF2F /* SceneDelegate.swift */ = {isa = PBXFileReference; lastKnownFileType = sourcecode.swift; path = SceneDelegate.swift; sourceTree = "<group>"; };
		89B8DE8524B32DD100F3CF2F /* ViewController.swift */ = {isa = PBXFileReference; lastKnownFileType = sourcecode.swift; path = ViewController.swift; sourceTree = "<group>"; };
		89B8DE8824B32DD100F3CF2F /* Base */ = {isa = PBXFileReference; lastKnownFileType = file.storyboard; name = Base; path = Base.lproj/Main.storyboard; sourceTree = "<group>"; };
		89B8DE8B24B32DD100F3CF2F /* All_About_Numbers.xcdatamodel */ = {isa = PBXFileReference; lastKnownFileType = wrapper.xcdatamodel; path = All_About_Numbers.xcdatamodel; sourceTree = "<group>"; };
		89B8DE8D24B32DD700F3CF2F /* Assets.xcassets */ = {isa = PBXFileReference; lastKnownFileType = folder.assetcatalog; path = Assets.xcassets; sourceTree = "<group>"; };
		89B8DE9024B32DD700F3CF2F /* Base */ = {isa = PBXFileReference; lastKnownFileType = file.storyboard; name = Base; path = Base.lproj/LaunchScreen.storyboard; sourceTree = "<group>"; };
		89B8DE9224B32DD700F3CF2F /* Info.plist */ = {isa = PBXFileReference; lastKnownFileType = text.plist.xml; path = Info.plist; sourceTree = "<group>"; };
		89B8DE9724B32DD800F3CF2F /* All About NumbersTests.xctest */ = {isa = PBXFileReference; explicitFileType = wrapper.cfbundle; includeInIndex = 0; path = "All About NumbersTests.xctest"; sourceTree = BUILT_PRODUCTS_DIR; };
		89B8DE9B24B32DD900F3CF2F /* All_About_NumbersTests.swift */ = {isa = PBXFileReference; lastKnownFileType = sourcecode.swift; path = All_About_NumbersTests.swift; sourceTree = "<group>"; };
		89B8DE9D24B32DD900F3CF2F /* Info.plist */ = {isa = PBXFileReference; lastKnownFileType = text.plist.xml; path = Info.plist; sourceTree = "<group>"; };
		89B8DEA224B32DD900F3CF2F /* All About NumbersUITests.xctest */ = {isa = PBXFileReference; explicitFileType = wrapper.cfbundle; includeInIndex = 0; path = "All About NumbersUITests.xctest"; sourceTree = BUILT_PRODUCTS_DIR; };
		89B8DEA624B32DD900F3CF2F /* All_About_NumbersUITests.swift */ = {isa = PBXFileReference; lastKnownFileType = sourcecode.swift; path = All_About_NumbersUITests.swift; sourceTree = "<group>"; };
		89B8DEA824B32DD900F3CF2F /* Info.plist */ = {isa = PBXFileReference; lastKnownFileType = text.plist.xml; path = Info.plist; sourceTree = "<group>"; };
		89B8DEB724B3325F00F3CF2F /* UIColor+extensions.swift */ = {isa = PBXFileReference; lastKnownFileType = sourcecode.swift; path = "UIColor+extensions.swift"; sourceTree = "<group>"; };
		89B8DEB924B337AD00F3CF2F /* UIButton+extensions.swift */ = {isa = PBXFileReference; lastKnownFileType = sourcecode.swift; path = "UIButton+extensions.swift"; sourceTree = "<group>"; };
		89B8DEBB24B33C4800F3CF2F /* UILabel+extensions.swift */ = {isa = PBXFileReference; lastKnownFileType = sourcecode.swift; path = "UILabel+extensions.swift"; sourceTree = "<group>"; };
		89B8DEBD24B33C6F00F3CF2F /* UIFont+extensions.swift */ = {isa = PBXFileReference; lastKnownFileType = sourcecode.swift; path = "UIFont+extensions.swift"; sourceTree = "<group>"; };
		89B8DEC824B341CE00F3CF2F /* NumberModel.swift */ = {isa = PBXFileReference; lastKnownFileType = sourcecode.swift; path = NumberModel.swift; sourceTree = "<group>"; };
		89B8DECE24B354D200F3CF2F /* UIViewController+extensions.swift */ = {isa = PBXFileReference; lastKnownFileType = sourcecode.swift; path = "UIViewController+extensions.swift"; sourceTree = "<group>"; };
		89B8DED024B5E43A00F3CF2F /* UITextField+extensions.swift */ = {isa = PBXFileReference; lastKnownFileType = sourcecode.swift; path = "UITextField+extensions.swift"; sourceTree = "<group>"; };
		89B8DED224B5E49C00F3CF2F /* UIView+extensions.swift */ = {isa = PBXFileReference; lastKnownFileType = sourcecode.swift; path = "UIView+extensions.swift"; sourceTree = "<group>"; };
/* End PBXFileReference section */

/* Begin PBXFrameworksBuildPhase section */
		89B8DE7B24B32DD100F3CF2F /* Frameworks */ = {
			isa = PBXFrameworksBuildPhase;
			buildActionMask = 2147483647;
			files = (
			);
			runOnlyForDeploymentPostprocessing = 0;
		};
		89B8DE9424B32DD800F3CF2F /* Frameworks */ = {
			isa = PBXFrameworksBuildPhase;
			buildActionMask = 2147483647;
			files = (
			);
			runOnlyForDeploymentPostprocessing = 0;
		};
		89B8DE9F24B32DD900F3CF2F /* Frameworks */ = {
			isa = PBXFrameworksBuildPhase;
			buildActionMask = 2147483647;
			files = (
			);
			runOnlyForDeploymentPostprocessing = 0;
		};
/* End PBXFrameworksBuildPhase section */

/* Begin PBXGroup section */
		89B8DE7524B32DD100F3CF2F = {
			isa = PBXGroup;
			children = (
				89B8DE8024B32DD100F3CF2F /* All About Numbers */,
				89B8DE9A24B32DD900F3CF2F /* All About NumbersTests */,
				89B8DEA524B32DD900F3CF2F /* All About NumbersUITests */,
				89B8DE7F24B32DD100F3CF2F /* Products */,
			);
			sourceTree = "<group>";
		};
		89B8DE7F24B32DD100F3CF2F /* Products */ = {
			isa = PBXGroup;
			children = (
				89B8DE7E24B32DD100F3CF2F /* All About Numbers.app */,
				89B8DE9724B32DD800F3CF2F /* All About NumbersTests.xctest */,
				89B8DEA224B32DD900F3CF2F /* All About NumbersUITests.xctest */,
			);
			name = Products;
			sourceTree = "<group>";
		};
		89B8DE8024B32DD100F3CF2F /* All About Numbers */ = {
			isa = PBXGroup;
			children = (
				89B8DEB424B32F6D00F3CF2F /* Main Screen */,
				89B8DEB624B3324000F3CF2F /* Extensions */,
				89B8DE8124B32DD100F3CF2F /* AppDelegate.swift */,
				89B8DE8324B32DD100F3CF2F /* SceneDelegate.swift */,
				89B8DE8D24B32DD700F3CF2F /* Assets.xcassets */,
				89B8DE8F24B32DD700F3CF2F /* LaunchScreen.storyboard */,
				89B8DE9224B32DD700F3CF2F /* Info.plist */,
				89B8DE8A24B32DD100F3CF2F /* All_About_Numbers.xcdatamodeld */,
			);
			path = "All About Numbers";
			sourceTree = "<group>";
		};
		89B8DE9A24B32DD900F3CF2F /* All About NumbersTests */ = {
			isa = PBXGroup;
			children = (
				89B8DE9B24B32DD900F3CF2F /* All_About_NumbersTests.swift */,
				89B8DE9D24B32DD900F3CF2F /* Info.plist */,
			);
			path = "All About NumbersTests";
			sourceTree = "<group>";
		};
		89B8DEA524B32DD900F3CF2F /* All About NumbersUITests */ = {
			isa = PBXGroup;
			children = (
				89B8DEA624B32DD900F3CF2F /* All_About_NumbersUITests.swift */,
				89B8DEA824B32DD900F3CF2F /* Info.plist */,
			);
			path = "All About NumbersUITests";
			sourceTree = "<group>";
		};
		89B8DEB424B32F6D00F3CF2F /* Main Screen */ = {
			isa = PBXGroup;
			children = (
				89B8DEC724B341B700F3CF2F /* Model */,
				89B8DEB524B32F7B00F3CF2F /* View */,
			);
			path = "Main Screen";
			sourceTree = "<group>";
		};
		89B8DEB524B32F7B00F3CF2F /* View */ = {
			isa = PBXGroup;
			children = (
				89B8DE8724B32DD100F3CF2F /* Main.storyboard */,
				89B8DE8524B32DD100F3CF2F /* ViewController.swift */,
			);
			path = View;
			sourceTree = "<group>";
		};
		89B8DEB624B3324000F3CF2F /* Extensions */ = {
			isa = PBXGroup;
			children = (
				89B8DEB724B3325F00F3CF2F /* UIColor+extensions.swift */,
				89B8DEB924B337AD00F3CF2F /* UIButton+extensions.swift */,
				89B8DEBB24B33C4800F3CF2F /* UILabel+extensions.swift */,
				89B8DEBD24B33C6F00F3CF2F /* UIFont+extensions.swift */,
				89B8DECE24B354D200F3CF2F /* UIViewController+extensions.swift */,
				89B8DED024B5E43A00F3CF2F /* UITextField+extensions.swift */,
				89B8DED224B5E49C00F3CF2F /* UIView+extensions.swift */,
			);
			path = Extensions;
			sourceTree = "<group>";
		};
		89B8DEC724B341B700F3CF2F /* Model */ = {
			isa = PBXGroup;
			children = (
				89B8DEC824B341CE00F3CF2F /* NumberModel.swift */,
			);
			path = Model;
			sourceTree = "<group>";
		};
/* End PBXGroup section */

/* Begin PBXNativeTarget section */
		89B8DE7D24B32DD100F3CF2F /* All About Numbers */ = {
			isa = PBXNativeTarget;
			buildConfigurationList = 89B8DEAB24B32DD900F3CF2F /* Build configuration list for PBXNativeTarget "All About Numbers" */;
			buildPhases = (
				89B8DE7A24B32DD100F3CF2F /* Sources */,
				89B8DE7B24B32DD100F3CF2F /* Frameworks */,
				89B8DE7C24B32DD100F3CF2F /* Resources */,
			);
			buildRules = (
			);
			dependencies = (
			);
			name = "All About Numbers";
			productName = "All About Numbers";
			productReference = 89B8DE7E24B32DD100F3CF2F /* All About Numbers.app */;
			productType = "com.apple.product-type.application";
		};
		89B8DE9624B32DD800F3CF2F /* All About NumbersTests */ = {
			isa = PBXNativeTarget;
			buildConfigurationList = 89B8DEAE24B32DD900F3CF2F /* Build configuration list for PBXNativeTarget "All About NumbersTests" */;
			buildPhases = (
				89B8DE9324B32DD800F3CF2F /* Sources */,
				89B8DE9424B32DD800F3CF2F /* Frameworks */,
				89B8DE9524B32DD800F3CF2F /* Resources */,
			);
			buildRules = (
			);
			dependencies = (
				89B8DE9924B32DD800F3CF2F /* PBXTargetDependency */,
			);
			name = "All About NumbersTests";
			productName = "All About NumbersTests";
			productReference = 89B8DE9724B32DD800F3CF2F /* All About NumbersTests.xctest */;
			productType = "com.apple.product-type.bundle.unit-test";
		};
		89B8DEA124B32DD900F3CF2F /* All About NumbersUITests */ = {
			isa = PBXNativeTarget;
			buildConfigurationList = 89B8DEB124B32DD900F3CF2F /* Build configuration list for PBXNativeTarget "All About NumbersUITests" */;
			buildPhases = (
				89B8DE9E24B32DD900F3CF2F /* Sources */,
				89B8DE9F24B32DD900F3CF2F /* Frameworks */,
				89B8DEA024B32DD900F3CF2F /* Resources */,
			);
			buildRules = (
			);
			dependencies = (
				89B8DEA424B32DD900F3CF2F /* PBXTargetDependency */,
			);
			name = "All About NumbersUITests";
			productName = "All About NumbersUITests";
			productReference = 89B8DEA224B32DD900F3CF2F /* All About NumbersUITests.xctest */;
			productType = "com.apple.product-type.bundle.ui-testing";
		};
/* End PBXNativeTarget section */

/* Begin PBXProject section */
		89B8DE7624B32DD100F3CF2F /* Project object */ = {
			isa = PBXProject;
			attributes = {
				LastSwiftUpdateCheck = 1150;
				LastUpgradeCheck = 1150;
				ORGANIZATIONNAME = "Carl Wainwright";
				TargetAttributes = {
					89B8DE7D24B32DD100F3CF2F = {
						CreatedOnToolsVersion = 11.5;
					};
					89B8DE9624B32DD800F3CF2F = {
						CreatedOnToolsVersion = 11.5;
						TestTargetID = 89B8DE7D24B32DD100F3CF2F;
					};
					89B8DEA124B32DD900F3CF2F = {
						CreatedOnToolsVersion = 11.5;
						TestTargetID = 89B8DE7D24B32DD100F3CF2F;
					};
				};
			};
			buildConfigurationList = 89B8DE7924B32DD100F3CF2F /* Build configuration list for PBXProject "All About Numbers" */;
			compatibilityVersion = "Xcode 9.3";
			developmentRegion = en;
			hasScannedForEncodings = 0;
			knownRegions = (
				en,
				Base,
			);
			mainGroup = 89B8DE7524B32DD100F3CF2F;
			productRefGroup = 89B8DE7F24B32DD100F3CF2F /* Products */;
			projectDirPath = "";
			projectRoot = "";
			targets = (
				89B8DE7D24B32DD100F3CF2F /* All About Numbers */,
				89B8DE9624B32DD800F3CF2F /* All About NumbersTests */,
				89B8DEA124B32DD900F3CF2F /* All About NumbersUITests */,
			);
		};
/* End PBXProject section */

/* Begin PBXResourcesBuildPhase section */
		89B8DE7C24B32DD100F3CF2F /* Resources */ = {
			isa = PBXResourcesBuildPhase;
			buildActionMask = 2147483647;
			files = (
				89B8DE9124B32DD700F3CF2F /* LaunchScreen.storyboard in Resources */,
				89B8DE8E24B32DD700F3CF2F /* Assets.xcassets in Resources */,
				89B8DE8924B32DD100F3CF2F /* Main.storyboard in Resources */,
			);
			runOnlyForDeploymentPostprocessing = 0;
		};
		89B8DE9524B32DD800F3CF2F /* Resources */ = {
			isa = PBXResourcesBuildPhase;
			buildActionMask = 2147483647;
			files = (
			);
			runOnlyForDeploymentPostprocessing = 0;
		};
		89B8DEA024B32DD900F3CF2F /* Resources */ = {
			isa = PBXResourcesBuildPhase;
			buildActionMask = 2147483647;
			files = (
			);
			runOnlyForDeploymentPostprocessing = 0;
		};
/* End PBXResourcesBuildPhase section */

/* Begin PBXSourcesBuildPhase section */
		89B8DE7A24B32DD100F3CF2F /* Sources */ = {
			isa = PBXSourcesBuildPhase;
			buildActionMask = 2147483647;
			files = (
				89B8DE8C24B32DD100F3CF2F /* All_About_Numbers.xcdatamodeld in Sources */,
				89B8DED124B5E43A00F3CF2F /* UITextField+extensions.swift in Sources */,
				89B8DECF24B354D200F3CF2F /* UIViewController+extensions.swift in Sources */,
				89B8DE8624B32DD100F3CF2F /* ViewController.swift in Sources */,
				89B8DEBE24B33C6F00F3CF2F /* UIFont+extensions.swift in Sources */,
				89B8DEB824B3325F00F3CF2F /* UIColor+extensions.swift in Sources */,
				89B8DED324B5E49C00F3CF2F /* UIView+extensions.swift in Sources */,
				89B8DEBA24B337AD00F3CF2F /* UIButton+extensions.swift in Sources */,
				89B8DEBC24B33C4800F3CF2F /* UILabel+extensions.swift in Sources */,
				89B8DE8224B32DD100F3CF2F /* AppDelegate.swift in Sources */,
				89B8DEC924B341CE00F3CF2F /* NumberModel.swift in Sources */,
				89B8DE8424B32DD100F3CF2F /* SceneDelegate.swift in Sources */,
			);
			runOnlyForDeploymentPostprocessing = 0;
		};
		89B8DE9324B32DD800F3CF2F /* Sources */ = {
			isa = PBXSourcesBuildPhase;
			buildActionMask = 2147483647;
			files = (
				89B8DE9C24B32DD900F3CF2F /* All_About_NumbersTests.swift in Sources */,
			);
			runOnlyForDeploymentPostprocessing = 0;
		};
		89B8DE9E24B32DD900F3CF2F /* Sources */ = {
			isa = PBXSourcesBuildPhase;
			buildActionMask = 2147483647;
			files = (
				89B8DEA724B32DD900F3CF2F /* All_About_NumbersUITests.swift in Sources */,
			);
			runOnlyForDeploymentPostprocessing = 0;
		};
/* End PBXSourcesBuildPhase section */

/* Begin PBXTargetDependency section */
		89B8DE9924B32DD800F3CF2F /* PBXTargetDependency */ = {
			isa = PBXTargetDependency;
			target = 89B8DE7D24B32DD100F3CF2F /* All About Numbers */;
			targetProxy = 89B8DE9824B32DD800F3CF2F /* PBXContainerItemProxy */;
		};
		89B8DEA424B32DD900F3CF2F /* PBXTargetDependency */ = {
			isa = PBXTargetDependency;
			target = 89B8DE7D24B32DD100F3CF2F /* All About Numbers */;
			targetProxy = 89B8DEA324B32DD900F3CF2F /* PBXContainerItemProxy */;
		};
/* End PBXTargetDependency section */

/* Begin PBXVariantGroup section */
		89B8DE8724B32DD100F3CF2F /* Main.storyboard */ = {
			isa = PBXVariantGroup;
			children = (
				89B8DE8824B32DD100F3CF2F /* Base */,
			);
			name = Main.storyboard;
			sourceTree = "<group>";
		};
		89B8DE8F24B32DD700F3CF2F /* LaunchScreen.storyboard */ = {
			isa = PBXVariantGroup;
			children = (
				89B8DE9024B32DD700F3CF2F /* Base */,
			);
			name = LaunchScreen.storyboard;
			sourceTree = "<group>";
		};
/* End PBXVariantGroup section */

/* Begin XCBuildConfiguration section */
		89B8DEA924B32DD900F3CF2F /* Debug */ = {
			isa = XCBuildConfiguration;
			buildSettings = {
				ALWAYS_SEARCH_USER_PATHS = NO;
				CLANG_ANALYZER_NONNULL = YES;
				CLANG_ANALYZER_NUMBER_OBJECT_CONVERSION = YES_AGGRESSIVE;
				CLANG_CXX_LANGUAGE_STANDARD = "gnu++14";
				CLANG_CXX_LIBRARY = "libc++";
				CLANG_ENABLE_MODULES = YES;
				CLANG_ENABLE_OBJC_ARC = YES;
				CLANG_ENABLE_OBJC_WEAK = YES;
				CLANG_WARN_BLOCK_CAPTURE_AUTORELEASING = YES;
				CLANG_WARN_BOOL_CONVERSION = YES;
				CLANG_WARN_COMMA = YES;
				CLANG_WARN_CONSTANT_CONVERSION = YES;
				CLANG_WARN_DEPRECATED_OBJC_IMPLEMENTATIONS = YES;
				CLANG_WARN_DIRECT_OBJC_ISA_USAGE = YES_ERROR;
				CLANG_WARN_DOCUMENTATION_COMMENTS = YES;
				CLANG_WARN_EMPTY_BODY = YES;
				CLANG_WARN_ENUM_CONVERSION = YES;
				CLANG_WARN_INFINITE_RECURSION = YES;
				CLANG_WARN_INT_CONVERSION = YES;
				CLANG_WARN_NON_LITERAL_NULL_CONVERSION = YES;
				CLANG_WARN_OBJC_IMPLICIT_RETAIN_SELF = YES;
				CLANG_WARN_OBJC_LITERAL_CONVERSION = YES;
				CLANG_WARN_OBJC_ROOT_CLASS = YES_ERROR;
				CLANG_WARN_RANGE_LOOP_ANALYSIS = YES;
				CLANG_WARN_STRICT_PROTOTYPES = YES;
				CLANG_WARN_SUSPICIOUS_MOVE = YES;
				CLANG_WARN_UNGUARDED_AVAILABILITY = YES_AGGRESSIVE;
				CLANG_WARN_UNREACHABLE_CODE = YES;
				CLANG_WARN__DUPLICATE_METHOD_MATCH = YES;
				COPY_PHASE_STRIP = NO;
				DEBUG_INFORMATION_FORMAT = dwarf;
				ENABLE_STRICT_OBJC_MSGSEND = YES;
				ENABLE_TESTABILITY = YES;
				GCC_C_LANGUAGE_STANDARD = gnu11;
				GCC_DYNAMIC_NO_PIC = NO;
				GCC_NO_COMMON_BLOCKS = YES;
				GCC_OPTIMIZATION_LEVEL = 0;
				GCC_PREPROCESSOR_DEFINITIONS = (
					"DEBUG=1",
					"$(inherited)",
				);
				GCC_WARN_64_TO_32_BIT_CONVERSION = YES;
				GCC_WARN_ABOUT_RETURN_TYPE = YES_ERROR;
				GCC_WARN_UNDECLARED_SELECTOR = YES;
				GCC_WARN_UNINITIALIZED_AUTOS = YES_AGGRESSIVE;
				GCC_WARN_UNUSED_FUNCTION = YES;
				GCC_WARN_UNUSED_VARIABLE = YES;
				IPHONEOS_DEPLOYMENT_TARGET = 13.5;
				MTL_ENABLE_DEBUG_INFO = INCLUDE_SOURCE;
				MTL_FAST_MATH = YES;
				ONLY_ACTIVE_ARCH = YES;
				SDKROOT = iphoneos;
				SWIFT_ACTIVE_COMPILATION_CONDITIONS = DEBUG;
				SWIFT_OPTIMIZATION_LEVEL = "-Onone";
			};
			name = Debug;
		};
		89B8DEAA24B32DD900F3CF2F /* Release */ = {
			isa = XCBuildConfiguration;
			buildSettings = {
				ALWAYS_SEARCH_USER_PATHS = NO;
				CLANG_ANALYZER_NONNULL = YES;
				CLANG_ANALYZER_NUMBER_OBJECT_CONVERSION = YES_AGGRESSIVE;
				CLANG_CXX_LANGUAGE_STANDARD = "gnu++14";
				CLANG_CXX_LIBRARY = "libc++";
				CLANG_ENABLE_MODULES = YES;
				CLANG_ENABLE_OBJC_ARC = YES;
				CLANG_ENABLE_OBJC_WEAK = YES;
				CLANG_WARN_BLOCK_CAPTURE_AUTORELEASING = YES;
				CLANG_WARN_BOOL_CONVERSION = YES;
				CLANG_WARN_COMMA = YES;
				CLANG_WARN_CONSTANT_CONVERSION = YES;
				CLANG_WARN_DEPRECATED_OBJC_IMPLEMENTATIONS = YES;
				CLANG_WARN_DIRECT_OBJC_ISA_USAGE = YES_ERROR;
				CLANG_WARN_DOCUMENTATION_COMMENTS = YES;
				CLANG_WARN_EMPTY_BODY = YES;
				CLANG_WARN_ENUM_CONVERSION = YES;
				CLANG_WARN_INFINITE_RECURSION = YES;
				CLANG_WARN_INT_CONVERSION = YES;
				CLANG_WARN_NON_LITERAL_NULL_CONVERSION = YES;
				CLANG_WARN_OBJC_IMPLICIT_RETAIN_SELF = YES;
				CLANG_WARN_OBJC_LITERAL_CONVERSION = YES;
				CLANG_WARN_OBJC_ROOT_CLASS = YES_ERROR;
				CLANG_WARN_RANGE_LOOP_ANALYSIS = YES;
				CLANG_WARN_STRICT_PROTOTYPES = YES;
				CLANG_WARN_SUSPICIOUS_MOVE = YES;
				CLANG_WARN_UNGUARDED_AVAILABILITY = YES_AGGRESSIVE;
				CLANG_WARN_UNREACHABLE_CODE = YES;
				CLANG_WARN__DUPLICATE_METHOD_MATCH = YES;
				COPY_PHASE_STRIP = NO;
				DEBUG_INFORMATION_FORMAT = "dwarf-with-dsym";
				ENABLE_NS_ASSERTIONS = NO;
				ENABLE_STRICT_OBJC_MSGSEND = YES;
				GCC_C_LANGUAGE_STANDARD = gnu11;
				GCC_NO_COMMON_BLOCKS = YES;
				GCC_WARN_64_TO_32_BIT_CONVERSION = YES;
				GCC_WARN_ABOUT_RETURN_TYPE = YES_ERROR;
				GCC_WARN_UNDECLARED_SELECTOR = YES;
				GCC_WARN_UNINITIALIZED_AUTOS = YES_AGGRESSIVE;
				GCC_WARN_UNUSED_FUNCTION = YES;
				GCC_WARN_UNUSED_VARIABLE = YES;
				IPHONEOS_DEPLOYMENT_TARGET = 13.5;
				MTL_ENABLE_DEBUG_INFO = NO;
				MTL_FAST_MATH = YES;
				SDKROOT = iphoneos;
				SWIFT_COMPILATION_MODE = wholemodule;
				SWIFT_OPTIMIZATION_LEVEL = "-O";
				VALIDATE_PRODUCT = YES;
			};
			name = Release;
		};
		89B8DEAC24B32DD900F3CF2F /* Debug */ = {
			isa = XCBuildConfiguration;
			buildSettings = {
				ASSETCATALOG_COMPILER_APPICON_NAME = AppIcon;
				CODE_SIGN_STYLE = Automatic;
				DEVELOPMENT_TEAM = 2428X38UTQ;
				INFOPLIST_FILE = "All About Numbers/Info.plist";
				LD_RUNPATH_SEARCH_PATHS = (
					"$(inherited)",
					"@executable_path/Frameworks",
				);
				PRODUCT_BUNDLE_IDENTIFIER = "com.carlwainwright.All-About-Numbers";
				PRODUCT_NAME = "$(TARGET_NAME)";
				SWIFT_VERSION = 5.0;
				TARGETED_DEVICE_FAMILY = "1,2";
			};
			name = Debug;
		};
		89B8DEAD24B32DD900F3CF2F /* Release */ = {
			isa = XCBuildConfiguration;
			buildSettings = {
				ASSETCATALOG_COMPILER_APPICON_NAME = AppIcon;
				CODE_SIGN_STYLE = Automatic;
				DEVELOPMENT_TEAM = 2428X38UTQ;
				INFOPLIST_FILE = "All About Numbers/Info.plist";
				LD_RUNPATH_SEARCH_PATHS = (
					"$(inherited)",
					"@executable_path/Frameworks",
				);
				PRODUCT_BUNDLE_IDENTIFIER = "com.carlwainwright.All-About-Numbers";
				PRODUCT_NAME = "$(TARGET_NAME)";
				SWIFT_VERSION = 5.0;
				TARGETED_DEVICE_FAMILY = "1,2";
			};
			name = Release;
		};
		89B8DEAF24B32DD900F3CF2F /* Debug */ = {
			isa = XCBuildConfiguration;
			buildSettings = {
				ALWAYS_EMBED_SWIFT_STANDARD_LIBRARIES = YES;
				BUNDLE_LOADER = "$(TEST_HOST)";
				CODE_SIGN_STYLE = Automatic;
				DEVELOPMENT_TEAM = 2428X38UTQ;
				INFOPLIST_FILE = "All About NumbersTests/Info.plist";
				IPHONEOS_DEPLOYMENT_TARGET = 13.5;
				LD_RUNPATH_SEARCH_PATHS = (
					"$(inherited)",
					"@executable_path/Frameworks",
					"@loader_path/Frameworks",
				);
				PRODUCT_BUNDLE_IDENTIFIER = "com.carlwainwright.All-About-NumbersTests";
				PRODUCT_NAME = "$(TARGET_NAME)";
				SWIFT_VERSION = 5.0;
				TARGETED_DEVICE_FAMILY = "1,2";
				TEST_HOST = "$(BUILT_PRODUCTS_DIR)/All About Numbers.app/All About Numbers";
			};
			name = Debug;
		};
		89B8DEB024B32DD900F3CF2F /* Release */ = {
			isa = XCBuildConfiguration;
			buildSettings = {
				ALWAYS_EMBED_SWIFT_STANDARD_LIBRARIES = YES;
				BUNDLE_LOADER = "$(TEST_HOST)";
				CODE_SIGN_STYLE = Automatic;
				DEVELOPMENT_TEAM = 2428X38UTQ;
				INFOPLIST_FILE = "All About NumbersTests/Info.plist";
				IPHONEOS_DEPLOYMENT_TARGET = 13.5;
				LD_RUNPATH_SEARCH_PATHS = (
					"$(inherited)",
					"@executable_path/Frameworks",
					"@loader_path/Frameworks",
				);
				PRODUCT_BUNDLE_IDENTIFIER = "com.carlwainwright.All-About-NumbersTests";
				PRODUCT_NAME = "$(TARGET_NAME)";
				SWIFT_VERSION = 5.0;
				TARGETED_DEVICE_FAMILY = "1,2";
				TEST_HOST = "$(BUILT_PRODUCTS_DIR)/All About Numbers.app/All About Numbers";
			};
			name = Release;
		};
		89B8DEB224B32DD900F3CF2F /* Debug */ = {
			isa = XCBuildConfiguration;
			buildSettings = {
				ALWAYS_EMBED_SWIFT_STANDARD_LIBRARIES = YES;
				CODE_SIGN_STYLE = Automatic;
				DEVELOPMENT_TEAM = 2428X38UTQ;
				INFOPLIST_FILE = "All About NumbersUITests/Info.plist";
				LD_RUNPATH_SEARCH_PATHS = (
					"$(inherited)",
					"@executable_path/Frameworks",
					"@loader_path/Frameworks",
				);
				PRODUCT_BUNDLE_IDENTIFIER = "com.carlwainwright.All-About-NumbersUITests";
				PRODUCT_NAME = "$(TARGET_NAME)";
				SWIFT_VERSION = 5.0;
				TARGETED_DEVICE_FAMILY = "1,2";
				TEST_TARGET_NAME = "All About Numbers";
			};
			name = Debug;
		};
		89B8DEB324B32DD900F3CF2F /* Release */ = {
			isa = XCBuildConfiguration;
			buildSettings = {
				ALWAYS_EMBED_SWIFT_STANDARD_LIBRARIES = YES;
				CODE_SIGN_STYLE = Automatic;
				DEVELOPMENT_TEAM = 2428X38UTQ;
				INFOPLIST_FILE = "All About NumbersUITests/Info.plist";
				LD_RUNPATH_SEARCH_PATHS = (
					"$(inherited)",
					"@executable_path/Frameworks",
					"@loader_path/Frameworks",
				);
				PRODUCT_BUNDLE_IDENTIFIER = "com.carlwainwright.All-About-NumbersUITests";
				PRODUCT_NAME = "$(TARGET_NAME)";
				SWIFT_VERSION = 5.0;
				TARGETED_DEVICE_FAMILY = "1,2";
				TEST_TARGET_NAME = "All About Numbers";
			};
			name = Release;
		};
/* End XCBuildConfiguration section */

/* Begin XCConfigurationList section */
		89B8DE7924B32DD100F3CF2F /* Build configuration list for PBXProject "All About Numbers" */ = {
			isa = XCConfigurationList;
			buildConfigurations = (
				89B8DEA924B32DD900F3CF2F /* Debug */,
				89B8DEAA24B32DD900F3CF2F /* Release */,
			);
			defaultConfigurationIsVisible = 0;
			defaultConfigurationName = Release;
		};
		89B8DEAB24B32DD900F3CF2F /* Build configuration list for PBXNativeTarget "All About Numbers" */ = {
			isa = XCConfigurationList;
			buildConfigurations = (
				89B8DEAC24B32DD900F3CF2F /* Debug */,
				89B8DEAD24B32DD900F3CF2F /* Release */,
			);
			defaultConfigurationIsVisible = 0;
			defaultConfigurationName = Release;
		};
		89B8DEAE24B32DD900F3CF2F /* Build configuration list for PBXNativeTarget "All About NumbersTests" */ = {
			isa = XCConfigurationList;
			buildConfigurations = (
				89B8DEAF24B32DD900F3CF2F /* Debug */,
				89B8DEB024B32DD900F3CF2F /* Release */,
			);
			defaultConfigurationIsVisible = 0;
			defaultConfigurationName = Release;
		};
		89B8DEB124B32DD900F3CF2F /* Build configuration list for PBXNativeTarget "All About NumbersUITests" */ = {
			isa = XCConfigurationList;
			buildConfigurations = (
				89B8DEB224B32DD900F3CF2F /* Debug */,
				89B8DEB324B32DD900F3CF2F /* Release */,
			);
			defaultConfigurationIsVisible = 0;
			defaultConfigurationName = Release;
		};
/* End XCConfigurationList section */

/* Begin XCVersionGroup section */
		89B8DE8A24B32DD100F3CF2F /* All_About_Numbers.xcdatamodeld */ = {
			isa = XCVersionGroup;
			children = (
				89B8DE8B24B32DD100F3CF2F /* All_About_Numbers.xcdatamodel */,
			);
			currentVersion = 89B8DE8B24B32DD100F3CF2F /* All_About_Numbers.xcdatamodel */;
			path = All_About_Numbers.xcdatamodeld;
			sourceTree = "<group>";
			versionGroupType = wrapper.xcdatamodel;
		};
/* End XCVersionGroup section */
	};
	rootObject = 89B8DE7624B32DD100F3CF2F /* Project object */;
}
